// !$*UTF8*$!
{
	archiveVersion = 1;
	classes = {
	};
	objectVersion = 46;
	objects = {

/* Begin PBXBuildFile section */
		2887AAD11E38A62F00D93DB4 /* CustomerDetails.swift in Sources */ = {isa = PBXBuildFile; fileRef = 2887AAD01E38A62F00D93DB4 /* CustomerDetails.swift */; };
		D05841191C878C410010F24F /* AppDelegate.swift in Sources */ = {isa = PBXBuildFile; fileRef = D05841181C878C410010F24F /* AppDelegate.swift */; };
		D058411B1C878C410010F24F /* ViewController.swift in Sources */ = {isa = PBXBuildFile; fileRef = D058411A1C878C410010F24F /* ViewController.swift */; };
		D058411E1C878C410010F24F /* Main.storyboard in Resources */ = {isa = PBXBuildFile; fileRef = D058411C1C878C410010F24F /* Main.storyboard */; };
		D05841201C878C410010F24F /* Assets.xcassets in Resources */ = {isa = PBXBuildFile; fileRef = D058411F1C878C410010F24F /* Assets.xcassets */; };
		D05841231C878C410010F24F /* LaunchScreen.storyboard in Resources */ = {isa = PBXBuildFile; fileRef = D05841211C878C410010F24F /* LaunchScreen.storyboard */; };
		D058412B1C878E0D0010F24F /* ColorBoxTableViewCell.swift in Sources */ = {isa = PBXBuildFile; fileRef = D058412A1C878E0C0010F24F /* ColorBoxTableViewCell.swift */; };
		D058412D1C8792290010F24F /* SharedAPIClient.swift in Sources */ = {isa = PBXBuildFile; fileRef = D058412C1C8792290010F24F /* SharedAPIClient.swift */; };
		D058412F1C8794140010F24F /* ColorBox.swift in Sources */ = {isa = PBXBuildFile; fileRef = D058412E1C8794140010F24F /* ColorBox.swift */; };
/* End PBXBuildFile section */

/* Begin PBXFileReference section */
		2887AAD01E38A62F00D93DB4 /* CustomerDetails.swift */ = {isa = PBXFileReference; fileEncoding = 4; lastKnownFileType = sourcecode.swift; path = CustomerDetails.swift; sourceTree = "<group>"; };
		D05841151C878C410010F24F /* colorbox.app */ = {isa = PBXFileReference; explicitFileType = wrapper.application; includeInIndex = 0; path = colorbox.app; sourceTree = BUILT_PRODUCTS_DIR; };
		D05841181C878C410010F24F /* AppDelegate.swift */ = {isa = PBXFileReference; lastKnownFileType = sourcecode.swift; path = AppDelegate.swift; sourceTree = "<group>"; };
		D058411A1C878C410010F24F /* ViewController.swift */ = {isa = PBXFileReference; lastKnownFileType = sourcecode.swift; path = ViewController.swift; sourceTree = "<group>"; };
		D058411D1C878C410010F24F /* Base */ = {isa = PBXFileReference; lastKnownFileType = file.storyboard; name = Base; path = Base.lproj/Main.storyboard; sourceTree = "<group>"; };
		D058411F1C878C410010F24F /* Assets.xcassets */ = {isa = PBXFileReference; lastKnownFileType = folder.assetcatalog; path = Assets.xcassets; sourceTree = "<group>"; };
		D05841221C878C410010F24F /* Base */ = {isa = PBXFileReference; lastKnownFileType = file.storyboard; name = Base; path = Base.lproj/LaunchScreen.storyboard; sourceTree = "<group>"; };
		D05841241C878C410010F24F /* Info.plist */ = {isa = PBXFileReference; lastKnownFileType = text.plist.xml; path = Info.plist; sourceTree = "<group>"; };
		D058412A1C878E0C0010F24F /* ColorBoxTableViewCell.swift */ = {isa = PBXFileReference; fileEncoding = 4; lastKnownFileType = sourcecode.swift; path = ColorBoxTableViewCell.swift; sourceTree = "<group>"; };
		D058412C1C8792290010F24F /* SharedAPIClient.swift */ = {isa = PBXFileReference; fileEncoding = 4; lastKnownFileType = sourcecode.swift; path = SharedAPIClient.swift; sourceTree = "<group>"; };
		D058412E1C8794140010F24F /* ColorBox.swift */ = {isa = PBXFileReference; fileEncoding = 4; lastKnownFileType = sourcecode.swift; path = ColorBox.swift; sourceTree = "<group>"; };
/* End PBXFileReference section */

/* Begin PBXFrameworksBuildPhase section */
		D05841121C878C410010F24F /* Frameworks */ = {
			isa = PBXFrameworksBuildPhase;
			buildActionMask = 2147483647;
			files = (
			);
			runOnlyForDeploymentPostprocessing = 0;
		};
/* End PBXFrameworksBuildPhase section */

/* Begin PBXGroup section */
		D058410C1C878C410010F24F = {
			isa = PBXGroup;
			children = (
				D05841171C878C410010F24F /* colorbox */,
				D05841161C878C410010F24F /* Products */,
			);
			sourceTree = "<group>";
		};
		D05841161C878C410010F24F /* Products */ = {
			isa = PBXGroup;
			children = (
				D05841151C878C410010F24F /* colorbox.app */,
			);
			name = Products;
			sourceTree = "<group>";
		};
		D05841171C878C410010F24F /* colorbox */ = {
			isa = PBXGroup;
			children = (
				D05841181C878C410010F24F /* AppDelegate.swift */,
				D058411A1C878C410010F24F /* ViewController.swift */,
				D058412A1C878E0C0010F24F /* ColorBoxTableViewCell.swift */,
				D058412E1C8794140010F24F /* ColorBox.swift */,
				2887AAD01E38A62F00D93DB4 /* CustomerDetails.swift */,
				D058412C1C8792290010F24F /* SharedAPIClient.swift */,
				D058411C1C878C410010F24F /* Main.storyboard */,
				D058411F1C878C410010F24F /* Assets.xcassets */,
				D05841211C878C410010F24F /* LaunchScreen.storyboard */,
				D05841241C878C410010F24F /* Info.plist */,
			);
			path = colorbox;
			sourceTree = "<group>";
		};
/* End PBXGroup section */

/* Begin PBXNativeTarget section */
		D05841141C878C410010F24F /* colorbox */ = {
			isa = PBXNativeTarget;
			buildConfigurationList = D05841271C878C410010F24F /* Build configuration list for PBXNativeTarget "colorbox" */;
			buildPhases = (
				D05841111C878C410010F24F /* Sources */,
				D05841121C878C410010F24F /* Frameworks */,
				D05841131C878C410010F24F /* Resources */,
			);
			buildRules = (
			);
			dependencies = (
			);
			name = colorbox;
			productName = colorbox;
			productReference = D05841151C878C410010F24F /* colorbox.app */;
			productType = "com.apple.product-type.application";
		};
/* End PBXNativeTarget section */

/* Begin PBXProject section */
		D058410D1C878C410010F24F /* Project object */ = {
			isa = PBXProject;
			attributes = {
				LastSwiftUpdateCheck = 0730;
				LastUpgradeCheck = 0730;
				ORGANIZATIONNAME = "That Thing in Swift";
				TargetAttributes = {
					D05841141C878C410010F24F = {
						CreatedOnToolsVersion = 7.3;
						LastSwiftMigration = 0820;
					};
				};
			};
			buildConfigurationList = D05841101C878C410010F24F /* Build configuration list for PBXProject "colorbox" */;
			compatibilityVersion = "Xcode 3.2";
			developmentRegion = English;
			hasScannedForEncodings = 0;
			knownRegions = (
				en,
				Base,
			);
			mainGroup = D058410C1C878C410010F24F;
			productRefGroup = D05841161C878C410010F24F /* Products */;
			projectDirPath = "";
			projectRoot = "";
			targets = (
				D05841141C878C410010F24F /* colorbox */,
			);
		};
/* End PBXProject section */

/* Begin PBXResourcesBuildPhase section */
		D05841131C878C410010F24F /* Resources */ = {
			isa = PBXResourcesBuildPhase;
			buildActionMask = 2147483647;
			files = (
				D05841231C878C410010F24F /* LaunchScreen.storyboard in Resources */,
				D05841201C878C410010F24F /* Assets.xcassets in Resources */,
				D058411E1C878C410010F24F /* Main.storyboard in Resources */,
			);
			runOnlyForDeploymentPostprocessing = 0;
		};
/* End PBXResourcesBuildPhase section */

/* Begin PBXSourcesBuildPhase section */
		D05841111C878C410010F24F /* Sources */ = {
			isa = PBXSourcesBuildPhase;
			buildActionMask = 2147483647;
			files = (
				2887AAD11E38A62F00D93DB4 /* CustomerDetails.swift in Sources */,
				D058412F1C8794140010F24F /* ColorBox.swift in Sources */,
				D058412B1C878E0D0010F24F /* ColorBoxTableViewCell.swift in Sources */,
				D058411B1C878C410010F24F /* ViewController.swift in Sources */,
				D058412D1C8792290010F24F /* SharedAPIClient.swift in Sources */,
				D05841191C878C410010F24F /* AppDelegate.swift in Sources */,
			);
			runOnlyForDeploymentPostprocessing = 0;
		};
/* End PBXSourcesBuildPhase section */

/* Begin PBXVariantGroup section */
		D058411C1C878C410010F24F /* Main.storyboard */ = {
			isa = PBXVariantGroup;
			children = (
				D058411D1C878C410010F24F /* Base */,
			);
			name = Main.storyboard;
			sourceTree = "<group>";
		};
		D05841211C878C410010F24F /* LaunchScreen.storyboard */ = {
			isa = PBXVariantGroup;
			children = (
				D05841221C878C410010F24F /* Base */,
			);
			name = LaunchScreen.storyboard;
			sourceTree = "<group>";
		};
/* End PBXVariantGroup section */

/* Begin XCBuildConfiguration section */
		D05841251C878C410010F24F /* Debug */ = {
			isa = XCBuildConfiguration;
			buildSettings = {
				ALWAYS_SEARCH_USER_PATHS = NO;
				CLANG_ANALYZER_NONNULL = YES;
				CLANG_CXX_LANGUAGE_STANDARD = "gnu++0x";
				CLANG_CXX_LIBRARY = "libc++";
				CLANG_ENABLE_MODULES = YES;
				CLANG_ENABLE_OBJC_ARC = YES;
				CLANG_WARN_BOOL_CONVERSION = YES;
				CLANG_WARN_CONSTANT_CONVERSION = YES;
				CLANG_WARN_DIRECT_OBJC_ISA_USAGE = YES_ERROR;
				CLANG_WARN_EMPTY_BODY = YES;
				CLANG_WARN_ENUM_CONVERSION = YES;
				CLANG_WARN_INT_CONVERSION = YES;
				CLANG_WARN_OBJC_ROOT_CLASS = YES_ERROR;
				CLANG_WARN_UNREACHABLE_CODE = YES;
				CLANG_WARN__DUPLICATE_METHOD_MATCH = YES;
				"CODE_SIGN_IDENTITY[sdk=iphoneos*]" = "iPhone Developer";
				COPY_PHASE_STRIP = NO;
				DEBUG_INFORMATION_FORMAT = dwarf;
				ENABLE_STRICT_OBJC_MSGSEND = YES;
				ENABLE_TESTABILITY = YES;
				GCC_C_LANGUAGE_STANDARD = gnu99;
				GCC_DYNAMIC_NO_PIC = NO;
				GCC_NO_COMMON_BLOCKS = YES;
				GCC_OPTIMIZATION_LEVEL = 0;
				GCC_PREPROCESSOR_DEFINITIONS = (
					"DEBUG=1",
					"$(inherited)",
				);
				GCC_WARN_64_TO_32_BIT_CONVERSION = YES;
				GCC_WARN_ABOUT_RETURN_TYPE = YES_ERROR;
				GCC_WARN_UNDECLARED_SELECTOR = YES;
				GCC_WARN_UNINITIALIZED_AUTOS = YES_AGGRESSIVE;
				GCC_WARN_UNUSED_FUNCTION = YES;
				GCC_WARN_UNUSED_VARIABLE = YES;
				IPHONEOS_DEPLOYMENT_TARGET = 9.3;
				MTL_ENABLE_DEBUG_INFO = YES;
				ONLY_ACTIVE_ARCH = YES;
				SDKROOT = iphoneos;
				SWIFT_OPTIMIZATION_LEVEL = "-Onone";
			};
			name = Debug;
		};
		D05841261C878C410010F24F /* Release */ = {
			isa = XCBuildConfiguration;
			buildSettings = {
				ALWAYS_SEARCH_USER_PATHS = NO;
				CLANG_ANALYZER_NONNULL = YES;
				CLANG_CXX_LANGUAGE_STANDARD = "gnu++0x";
				CLANG_CXX_LIBRARY = "libc++";
				CLANG_ENABLE_MODULES = YES;
				CLANG_ENABLE_OBJC_ARC = YES;
				CLANG_WARN_BOOL_CONVERSION = YES;
				CLANG_WARN_CONSTANT_CONVERSION = YES;
				CLANG_WARN_DIRECT_OBJC_ISA_USAGE = YES_ERROR;
				CLANG_WARN_EMPTY_BODY = YES;
				CLANG_WARN_ENUM_CONVERSION = YES;
				CLANG_WARN_INT_CONVERSION = YES;
				CLANG_WARN_OBJC_ROOT_CLASS = YES_ERROR;
				CLANG_WARN_UNREACHABLE_CODE = YES;
				CLANG_WARN__DUPLICATE_METHOD_MATCH = YES;
				"CODE_SIGN_IDENTITY[sdk=iphoneos*]" = "iPhone Developer";
				COPY_PHASE_STRIP = NO;
				DEBUG_INFORMATION_FORMAT = "dwarf-with-dsym";
				ENABLE_NS_ASSERTIONS = NO;
				ENABLE_STRICT_OBJC_MSGSEND = YES;
				GCC_C_LANGUAGE_STANDARD = gnu99;
				GCC_NO_COMMON_BLOCKS = YES;
				GCC_WARN_64_TO_32_BIT_CONVERSION = YES;
				GCC_WARN_ABOUT_RETURN_TYPE = YES_ERROR;
				GCC_WARN_UNDECLARED_SELECTOR = YES;
				GCC_WARN_UNINITIALIZED_AUTOS = YES_AGGRESSIVE;
				GCC_WARN_UNUSED_FUNCTION = YES;
				GCC_WARN_UNUSED_VARIABLE = YES;
				IPHONEOS_DEPLOYMENT_TARGET = 9.3;
				MTL_ENABLE_DEBUG_INFO = NO;
				SDKROOT = iphoneos;
				VALIDATE_PRODUCT = YES;
			};
			name = Release;
		};
		D05841281C878C410010F24F /* Debug */ = {
			isa = XCBuildConfiguration;
			buildSettings = {
				ASSETCATALOG_COMPILER_APPICON_NAME = AppIcon;
				INFOPLIST_FILE = colorbox/Info.plist;
				LD_RUNPATH_SEARCH_PATHS = "$(inherited) @executable_path/Frameworks";
				PRODUCT_BUNDLE_IDENTIFIER = com.thatthinginswift.colorbox;
				PRODUCT_NAME = "$(TARGET_NAME)";
				SWIFT_VERSION = 3.0;
			};
			name = Debug;
		};
		D05841291C878C410010F24F /* Release */ = {
			isa = XCBuildConfiguration;
			buildSettings = {
				ASSETCATALOG_COMPILER_APPICON_NAME = AppIcon;
				INFOPLIST_FILE = colorbox/Info.plist;
				LD_RUNPATH_SEARCH_PATHS = "$(inherited) @executable_path/Frameworks";
				PRODUCT_BUNDLE_IDENTIFIER = com.thatthinginswift.colorbox;
				PRODUCT_NAME = "$(TARGET_NAME)";
				SWIFT_VERSION = 3.0;
			};
			name = Release;
		};
/* End XCBuildConfiguration section */

/* Begin XCConfigurationList section */
		D05841101C878C410010F24F /* Build configuration list for PBXProject "colorbox" */ = {
			isa = XCConfigurationList;
			buildConfigurations = (
				D05841251C878C410010F24F /* Debug */,
				D05841261C878C410010F24F /* Release */,
			);
			defaultConfigurationIsVisible = 0;
			defaultConfigurationName = Release;
		};
		D05841271C878C410010F24F /* Build configuration list for PBXNativeTarget "colorbox" */ = {
			isa = XCConfigurationList;
			buildConfigurations = (
				D05841281C878C410010F24F /* Debug */,
				D05841291C878C410010F24F /* Release */,
			);
			defaultConfigurationIsVisible = 0;
			defaultConfigurationName = Release;
		};
/* End XCConfigurationList section */
	};
	rootObject = D058410D1C878C410010F24F /* Project object */;
}
